
Microsoft Visual Studio Solution File, Format Version 12.00
Project("{FAE04EC0-301F-11D3-BF4B-00C04F79EFBC}") = "Blocktrust.Mediator", "Blocktrust.Mediator\Blocktrust.Mediator.csproj", "{04C41A82-DA0A-4943-A8BD-6123F6E97649}"
EndProject
Project("{FAE04EC0-301F-11D3-BF4B-00C04F79EFBC}") = "Blocktrust.Mediator.Tests", "Blocktrust.Mediator.Tests\Blocktrust.Mediator.Tests.csproj", "{D9970E8D-D78C-448D-A17B-15361886EFB5}"
EndProject
Project("{FAE04EC0-301F-11D3-BF4B-00C04F79EFBC}") = "DIDComm", "..\blocktrust.DIDComm_v2_dotnet\DIDComm\DIDComm.csproj", "{31E0F07A-2BA7-4F04-B838-6BA915992223}"
EndProject
Project("{FAE04EC0-301F-11D3-BF4B-00C04F79EFBC}") = "DIDComm.Tests", "..\blocktrust.DIDComm_v2_dotnet\DIDComm.Tests\DIDComm.Tests.csproj", "{8156CE31-A318-42DA-BA2F-C30B49A1F942}"
EndProject
Project("{FAE04EC0-301F-11D3-BF4B-00C04F79EFBC}") = "Blocktrust.PeerDID", "..\blocktrust.PeerDID\Blocktrust.PeerDID\Blocktrust.PeerDID.csproj", "{92294E67-4DA4-41F8-9FE8-E319D48F25ED}"
EndProject
Project("{FAE04EC0-301F-11D3-BF4B-00C04F79EFBC}") = "Blocktrust.PeerDID.Tests", "..\blocktrust.PeerDID\Blocktrust.PeerDID.Tests\Blocktrust.PeerDID.Tests.csproj", "{373512F1-126B-4267-81BD-8319BA5EB32F}"
EndProject
Global
	GlobalSection(SolutionConfigurationPlatforms) = preSolution
		Debug|Any CPU = Debug|Any CPU
		Release|Any CPU = Release|Any CPU
	EndGlobalSection
	GlobalSection(ProjectConfigurationPlatforms) = postSolution
		{04C41A82-DA0A-4943-A8BD-6123F6E97649}.Debug|Any CPU.ActiveCfg = Debug|Any CPU
		{04C41A82-DA0A-4943-A8BD-6123F6E97649}.Debug|Any CPU.Build.0 = Debug|Any CPU
		{04C41A82-DA0A-4943-A8BD-6123F6E97649}.Release|Any CPU.ActiveCfg = Release|Any CPU
		{04C41A82-DA0A-4943-A8BD-6123F6E97649}.Release|Any CPU.Build.0 = Release|Any CPU
		{D9970E8D-D78C-448D-A17B-15361886EFB5}.Debug|Any CPU.ActiveCfg = Debug|Any CPU
		{D9970E8D-D78C-448D-A17B-15361886EFB5}.Debug|Any CPU.Build.0 = Debug|Any CPU
		{D9970E8D-D78C-448D-A17B-15361886EFB5}.Release|Any CPU.ActiveCfg = Release|Any CPU
		{D9970E8D-D78C-448D-A17B-15361886EFB5}.Release|Any CPU.Build.0 = Release|Any CPU
		{31E0F07A-2BA7-4F04-B838-6BA915992223}.Debug|Any CPU.ActiveCfg = Debug|Any CPU
		{31E0F07A-2BA7-4F04-B838-6BA915992223}.Debug|Any CPU.Build.0 = Debug|Any CPU
		{31E0F07A-2BA7-4F04-B838-6BA915992223}.Release|Any CPU.ActiveCfg = Release|Any CPU
		{31E0F07A-2BA7-4F04-B838-6BA915992223}.Release|Any CPU.Build.0 = Release|Any CPU
		{8156CE31-A318-42DA-BA2F-C30B49A1F942}.Debug|Any CPU.ActiveCfg = Debug|Any CPU
		{8156CE31-A318-42DA-BA2F-C30B49A1F942}.Debug|Any CPU.Build.0 = Debug|Any CPU
		{8156CE31-A318-42DA-BA2F-C30B49A1F942}.Release|Any CPU.ActiveCfg = Release|Any CPU
		{8156CE31-A318-42DA-BA2F-C30B49A1F942}.Release|Any CPU.Build.0 = Release|Any CPU
		{92294E67-4DA4-41F8-9FE8-E319D48F25ED}.Debug|Any CPU.ActiveCfg = Debug|Any CPU
		{92294E67-4DA4-41F8-9FE8-E319D48F25ED}.Debug|Any CPU.Build.0 = Debug|Any CPU
		{92294E67-4DA4-41F8-9FE8-E319D48F25ED}.Release|Any CPU.ActiveCfg = Release|Any CPU
		{92294E67-4DA4-41F8-9FE8-E319D48F25ED}.Release|Any CPU.Build.0 = Release|Any CPU
		{373512F1-126B-4267-81BD-8319BA5EB32F}.Debug|Any CPU.ActiveCfg = Debug|Any CPU
		{373512F1-126B-4267-81BD-8319BA5EB32F}.Debug|Any CPU.Build.0 = Debug|Any CPU
		{373512F1-126B-4267-81BD-8319BA5EB32F}.Release|Any CPU.ActiveCfg = Release|Any CPU
		{373512F1-126B-4267-81BD-8319BA5EB32F}.Release|Any CPU.Build.0 = Release|Any CPU
	EndGlobalSection
EndGlobal
