
Microsoft Visual Studio Solution File, Format Version 12.00
Project("{FAE04EC0-301F-11D3-BF4B-00C04F79EFBC}") = "Blocktrust.Mediator.Server", "Blocktrust.Mediator.Server\Blocktrust.Mediator.Server.csproj", "{04C41A82-DA0A-4943-A8BD-6123F6E97649}"
EndProject
Project("{FAE04EC0-301F-11D3-BF4B-00C04F79EFBC}") = "Blocktrust.Mediator.Server.Tests", "Blocktrust.Mediator.Server.Tests\Blocktrust.Mediator.Server.Tests.csproj", "{D9970E8D-D78C-448D-A17B-15361886EFB5}"
EndProject
Project("{FAE04EC0-301F-11D3-BF4B-00C04F79EFBC}") = "Blocktrust.PeerDID", "..\blocktrust.PeerDID\Blocktrust.PeerDID\Blocktrust.PeerDID.csproj", "{92294E67-4DA4-41F8-9FE8-E319D48F25ED}"
EndProject
Project("{FAE04EC0-301F-11D3-BF4B-00C04F79EFBC}") = "Blocktrust.PeerDID.Tests", "..\blocktrust.PeerDID\Blocktrust.PeerDID.Tests\Blocktrust.PeerDID.Tests.csproj", "{373512F1-126B-4267-81BD-8319BA5EB32F}"
EndProject
Project("{FAE04EC0-301F-11D3-BF4B-00C04F79EFBC}") = "Blocktrust.Mediator.Client", "Blocktrust.Mediator.Client\Blocktrust.Mediator.Client.csproj", "{7B2591AE-638D-4AB3-9600-14BEB3B0F117}"
EndProject
Project("{FAE04EC0-301F-11D3-BF4B-00C04F79EFBC}") = "Blocktrust.Mediator.Client.Tests", "Blocktrust.Mediator.Client.Tests\Blocktrust.Mediator.Client.Tests.csproj", "{7F3540E1-E5FF-4FAC-B26E-77DDBE068279}"
EndProject
Project("{FAE04EC0-301F-11D3-BF4B-00C04F79EFBC}") = "Blocktrust.Mediator.Common", "Blocktrust.Mediator.Common\Blocktrust.Mediator.Common.csproj", "{AF05DFC4-68B2-4A2E-9A0B-637FD552A19A}"
EndProject
Project("{FAE04EC0-301F-11D3-BF4B-00C04F79EFBC}") = "Blocktrust.Mediator.Common.Tests", "Blocktrust.Mediator.Common.Tests\Blocktrust.Mediator.Common.Tests.csproj", "{C15E51DE-6202-4C6A-8C6E-143030990C5E}"
EndProject
Project("{2150E333-8FDC-42A3-9474-1A3956D46DE8}") = "Tests", "Tests", "{961A2656-2D20-440D-9C06-31C243BC312B}"
EndProject
Project("{FAE04EC0-301F-11D3-BF4B-00C04F79EFBC}") = "Blocktrust.Common", "..\blocktrust.Core\Blocktrust.Common\Blocktrust.Common.csproj", "{D471311B-0650-4B6B-BE32-D74B1E6E329D}"
EndProject
Project("{FAE04EC0-301F-11D3-BF4B-00C04F79EFBC}") = "Blocktrust.DIDComm", "..\blocktrust.DIDComm\Blocktrust.DIDComm\Blocktrust.DIDComm.csproj", "{6F9BF0DC-A42A-447F-9580-C9E3C43F54FD}"
EndProject
Project("{FAE04EC0-301F-11D3-BF4B-00C04F79EFBC}") = "Blocktrust.DIDComm.Tests", "..\blocktrust.DIDComm\Blocktrust.DIDComm.Tests\Blocktrust.DIDComm.Tests.csproj", "{26A37A1D-19C2-485C-8763-63932C2A73B2}"
EndProject
Project("{FAE04EC0-301F-11D3-BF4B-00C04F79EFBC}") = "Blocktrust.Mediator.Client.RootsIntegrationTests", "Blocktrust.Mediator.Client.RootsIntegrationTests\Blocktrust.Mediator.Client.RootsIntegrationTests.csproj", "{5ABCF8FF-5BF1-4712-9998-0431280AE3DF}"
EndProject
Project("{FAE04EC0-301F-11D3-BF4B-00C04F79EFBC}") = "Blocktrust.Mediator.Client.IntegrationsTests", "Blocktrust.Mediator.Client.IntegrationsTests\Blocktrust.Mediator.Client.IntegrationsTests.csproj", "{3CBCADFB-CBA6-4FC1-BBF9-A4162202CFA1}"
EndProject
Project("{FAE04EC0-301F-11D3-BF4B-00C04F79EFBC}") = "Blocktrust.Mediator.Client.BlocktrustIntegrationTests", "Blocktrust.Mediator.Client.BlocktrustIntegrationTests\Blocktrust.Mediator.Client.BlocktrustIntegrationTests.csproj", "{4AA3DBE1-4161-4738-A8F7-436BB75B426F}"
EndProject
Global
	GlobalSection(SolutionConfigurationPlatforms) = preSolution
		Debug|Any CPU = Debug|Any CPU
		Release|Any CPU = Release|Any CPU
	EndGlobalSection
	GlobalSection(ProjectConfigurationPlatforms) = postSolution
		{04C41A82-DA0A-4943-A8BD-6123F6E97649}.Debug|Any CPU.ActiveCfg = Debug|Any CPU
		{04C41A82-DA0A-4943-A8BD-6123F6E97649}.Debug|Any CPU.Build.0 = Debug|Any CPU
		{04C41A82-DA0A-4943-A8BD-6123F6E97649}.Release|Any CPU.ActiveCfg = Release|Any CPU
		{04C41A82-DA0A-4943-A8BD-6123F6E97649}.Release|Any CPU.Build.0 = Release|Any CPU
		{D9970E8D-D78C-448D-A17B-15361886EFB5}.Debug|Any CPU.ActiveCfg = Debug|Any CPU
		{D9970E8D-D78C-448D-A17B-15361886EFB5}.Debug|Any CPU.Build.0 = Debug|Any CPU
		{D9970E8D-D78C-448D-A17B-15361886EFB5}.Release|Any CPU.ActiveCfg = Release|Any CPU
		{D9970E8D-D78C-448D-A17B-15361886EFB5}.Release|Any CPU.Build.0 = Release|Any CPU
		{31E0F07A-2BA7-4F04-B838-6BA915992223}.Debug|Any CPU.ActiveCfg = Debug|Any CPU
		{31E0F07A-2BA7-4F04-B838-6BA915992223}.Debug|Any CPU.Build.0 = Debug|Any CPU
		{31E0F07A-2BA7-4F04-B838-6BA915992223}.Release|Any CPU.ActiveCfg = Release|Any CPU
		{31E0F07A-2BA7-4F04-B838-6BA915992223}.Release|Any CPU.Build.0 = Release|Any CPU
		{8156CE31-A318-42DA-BA2F-C30B49A1F942}.Debug|Any CPU.ActiveCfg = Debug|Any CPU
		{8156CE31-A318-42DA-BA2F-C30B49A1F942}.Debug|Any CPU.Build.0 = Debug|Any CPU
		{8156CE31-A318-42DA-BA2F-C30B49A1F942}.Release|Any CPU.ActiveCfg = Release|Any CPU
		{8156CE31-A318-42DA-BA2F-C30B49A1F942}.Release|Any CPU.Build.0 = Release|Any CPU
		{92294E67-4DA4-41F8-9FE8-E319D48F25ED}.Debug|Any CPU.ActiveCfg = Debug|Any CPU
		{92294E67-4DA4-41F8-9FE8-E319D48F25ED}.Debug|Any CPU.Build.0 = Debug|Any CPU
		{92294E67-4DA4-41F8-9FE8-E319D48F25ED}.Release|Any CPU.ActiveCfg = Release|Any CPU
		{92294E67-4DA4-41F8-9FE8-E319D48F25ED}.Release|Any CPU.Build.0 = Release|Any CPU
		{373512F1-126B-4267-81BD-8319BA5EB32F}.Debug|Any CPU.ActiveCfg = Debug|Any CPU
		{373512F1-126B-4267-81BD-8319BA5EB32F}.Debug|Any CPU.Build.0 = Debug|Any CPU
		{373512F1-126B-4267-81BD-8319BA5EB32F}.Release|Any CPU.ActiveCfg = Release|Any CPU
		{373512F1-126B-4267-81BD-8319BA5EB32F}.Release|Any CPU.Build.0 = Release|Any CPU
		{7B2591AE-638D-4AB3-9600-14BEB3B0F117}.Debug|Any CPU.ActiveCfg = Debug|Any CPU
		{7B2591AE-638D-4AB3-9600-14BEB3B0F117}.Debug|Any CPU.Build.0 = Debug|Any CPU
		{7B2591AE-638D-4AB3-9600-14BEB3B0F117}.Release|Any CPU.ActiveCfg = Release|Any CPU
		{7B2591AE-638D-4AB3-9600-14BEB3B0F117}.Release|Any CPU.Build.0 = Release|Any CPU
		{7F3540E1-E5FF-4FAC-B26E-77DDBE068279}.Debug|Any CPU.ActiveCfg = Debug|Any CPU
		{7F3540E1-E5FF-4FAC-B26E-77DDBE068279}.Debug|Any CPU.Build.0 = Debug|Any CPU
		{7F3540E1-E5FF-4FAC-B26E-77DDBE068279}.Release|Any CPU.ActiveCfg = Release|Any CPU
		{7F3540E1-E5FF-4FAC-B26E-77DDBE068279}.Release|Any CPU.Build.0 = Release|Any CPU
		{AF05DFC4-68B2-4A2E-9A0B-637FD552A19A}.Debug|Any CPU.ActiveCfg = Debug|Any CPU
		{AF05DFC4-68B2-4A2E-9A0B-637FD552A19A}.Debug|Any CPU.Build.0 = Debug|Any CPU
		{AF05DFC4-68B2-4A2E-9A0B-637FD552A19A}.Release|Any CPU.ActiveCfg = Release|Any CPU
		{AF05DFC4-68B2-4A2E-9A0B-637FD552A19A}.Release|Any CPU.Build.0 = Release|Any CPU
		{C15E51DE-6202-4C6A-8C6E-143030990C5E}.Debug|Any CPU.ActiveCfg = Debug|Any CPU
		{C15E51DE-6202-4C6A-8C6E-143030990C5E}.Debug|Any CPU.Build.0 = Debug|Any CPU
		{C15E51DE-6202-4C6A-8C6E-143030990C5E}.Release|Any CPU.ActiveCfg = Release|Any CPU
		{C15E51DE-6202-4C6A-8C6E-143030990C5E}.Release|Any CPU.Build.0 = Release|Any CPU
		{D471311B-0650-4B6B-BE32-D74B1E6E329D}.Debug|Any CPU.ActiveCfg = Debug|Any CPU
		{D471311B-0650-4B6B-BE32-D74B1E6E329D}.Debug|Any CPU.Build.0 = Debug|Any CPU
		{D471311B-0650-4B6B-BE32-D74B1E6E329D}.Release|Any CPU.ActiveCfg = Release|Any CPU
		{D471311B-0650-4B6B-BE32-D74B1E6E329D}.Release|Any CPU.Build.0 = Release|Any CPU
		{6F9BF0DC-A42A-447F-9580-C9E3C43F54FD}.Debug|Any CPU.ActiveCfg = Debug|Any CPU
		{6F9BF0DC-A42A-447F-9580-C9E3C43F54FD}.Debug|Any CPU.Build.0 = Debug|Any CPU
		{6F9BF0DC-A42A-447F-9580-C9E3C43F54FD}.Release|Any CPU.ActiveCfg = Release|Any CPU
		{6F9BF0DC-A42A-447F-9580-C9E3C43F54FD}.Release|Any CPU.Build.0 = Release|Any CPU
		{26A37A1D-19C2-485C-8763-63932C2A73B2}.Debug|Any CPU.ActiveCfg = Debug|Any CPU
		{26A37A1D-19C2-485C-8763-63932C2A73B2}.Debug|Any CPU.Build.0 = Debug|Any CPU
		{26A37A1D-19C2-485C-8763-63932C2A73B2}.Release|Any CPU.ActiveCfg = Release|Any CPU
		{26A37A1D-19C2-485C-8763-63932C2A73B2}.Release|Any CPU.Build.0 = Release|Any CPU
		{5ABCF8FF-5BF1-4712-9998-0431280AE3DF}.Debug|Any CPU.ActiveCfg = Debug|Any CPU
		{5ABCF8FF-5BF1-4712-9998-0431280AE3DF}.Debug|Any CPU.Build.0 = Debug|Any CPU
		{5ABCF8FF-5BF1-4712-9998-0431280AE3DF}.Release|Any CPU.ActiveCfg = Release|Any CPU
		{5ABCF8FF-5BF1-4712-9998-0431280AE3DF}.Release|Any CPU.Build.0 = Release|Any CPU
		{3CBCADFB-CBA6-4FC1-BBF9-A4162202CFA1}.Debug|Any CPU.ActiveCfg = Debug|Any CPU
		{3CBCADFB-CBA6-4FC1-BBF9-A4162202CFA1}.Debug|Any CPU.Build.0 = Debug|Any CPU
		{3CBCADFB-CBA6-4FC1-BBF9-A4162202CFA1}.Release|Any CPU.ActiveCfg = Release|Any CPU
		{3CBCADFB-CBA6-4FC1-BBF9-A4162202CFA1}.Release|Any CPU.Build.0 = Release|Any CPU
		{4AA3DBE1-4161-4738-A8F7-436BB75B426F}.Debug|Any CPU.ActiveCfg = Debug|Any CPU
		{4AA3DBE1-4161-4738-A8F7-436BB75B426F}.Debug|Any CPU.Build.0 = Debug|Any CPU
		{4AA3DBE1-4161-4738-A8F7-436BB75B426F}.Release|Any CPU.ActiveCfg = Release|Any CPU
		{4AA3DBE1-4161-4738-A8F7-436BB75B426F}.Release|Any CPU.Build.0 = Release|Any CPU
	EndGlobalSection
	GlobalSection(NestedProjects) = preSolution
		{7F3540E1-E5FF-4FAC-B26E-77DDBE068279} = {961A2656-2D20-440D-9C06-31C243BC312B}
		{C15E51DE-6202-4C6A-8C6E-143030990C5E} = {961A2656-2D20-440D-9C06-31C243BC312B}
		{D9970E8D-D78C-448D-A17B-15361886EFB5} = {961A2656-2D20-440D-9C06-31C243BC312B}
		{5ABCF8FF-5BF1-4712-9998-0431280AE3DF} = {961A2656-2D20-440D-9C06-31C243BC312B}
		{3CBCADFB-CBA6-4FC1-BBF9-A4162202CFA1} = {961A2656-2D20-440D-9C06-31C243BC312B}
		{4AA3DBE1-4161-4738-A8F7-436BB75B426F} = {961A2656-2D20-440D-9C06-31C243BC312B}
	EndGlobalSection
EndGlobal
